
Microsoft Visual Studio Solution File, Format Version 12.00
# Visual Studio Version 16
VisualStudioVersion = 16.0.30114.105
MinimumVisualStudioVersion = 10.0.40219.1
Project("{2150E333-8FDC-42A3-9474-1A3956D46DE8}") = "src", "src", "{A800510F-63DF-4F35-8C63-D7838106B477}"
EndProject
Project("{FAE04EC0-301F-11D3-BF4B-00C04F79EFBC}") = "catelanDapper", "src\catelanDapper\catelanDapper.csproj", "{1949D138-32E1-45EA-B8F6-75504498638F}"
EndProject
Global
	GlobalSection(SolutionConfigurationPlatforms) = preSolution
		Debug|Any CPU = Debug|Any CPU
		Release|Any CPU = Release|Any CPU
	EndGlobalSection
	GlobalSection(SolutionProperties) = preSolution
		HideSolutionNode = FALSE
	EndGlobalSection
	GlobalSection(ProjectConfigurationPlatforms) = postSolution
		{1949D138-32E1-45EA-B8F6-75504498638F}.Debug|Any CPU.ActiveCfg = Debug|Any CPU
		{1949D138-32E1-45EA-B8F6-75504498638F}.Debug|Any CPU.Build.0 = Debug|Any CPU
		{1949D138-32E1-45EA-B8F6-75504498638F}.Release|Any CPU.ActiveCfg = Release|Any CPU
		{1949D138-32E1-45EA-B8F6-75504498638F}.Release|Any CPU.Build.0 = Release|Any CPU
	EndGlobalSection
	GlobalSection(NestedProjects) = preSolution
		{1949D138-32E1-45EA-B8F6-75504498638F} = {A800510F-63DF-4F35-8C63-D7838106B477}
	EndGlobalSection
EndGlobal
